
Microsoft Visual Studio Solution File, Format Version 12.00
# Visual Studio Version 17
VisualStudioVersion = 17.8.34316.72
MinimumVisualStudioVersion = 10.0.40219.1
Project("{FAE04EC0-301F-11D3-BF4B-00C04F79EFBC}") = "Entities", "Entities\Entities.csproj", "{3409FD18-94C4-43BE-85C2-E99A57C2F24D}"
EndProject
Project("{FAE04EC0-301F-11D3-BF4B-00C04F79EFBC}") = "Business", "Business\Business.csproj", "{1E2E79FC-53B6-4359-83EB-6CD61E6FFCC9}"
EndProject
Project("{FAE04EC0-301F-11D3-BF4B-00C04F79EFBC}") = "DataAccess", "DataAccess\DataAccess.csproj", "{2CC3E26B-0358-4ECA-98EC-36816D62851B}"
EndProject
Project("{FAE04EC0-301F-11D3-BF4B-00C04F79EFBC}") = "WebAPI", "WebAPI\WebAPI.csproj", "{BACFDA23-1730-4E2B-ACDF-CC7AE2094E68}"
EndProject
Global
	GlobalSection(SolutionConfigurationPlatforms) = preSolution
		Debug|Any CPU = Debug|Any CPU
		Release|Any CPU = Release|Any CPU
	EndGlobalSection
	GlobalSection(ProjectConfigurationPlatforms) = postSolution
		{3409FD18-94C4-43BE-85C2-E99A57C2F24D}.Debug|Any CPU.ActiveCfg = Debug|Any CPU
		{3409FD18-94C4-43BE-85C2-E99A57C2F24D}.Debug|Any CPU.Build.0 = Debug|Any CPU
		{3409FD18-94C4-43BE-85C2-E99A57C2F24D}.Release|Any CPU.ActiveCfg = Release|Any CPU
		{3409FD18-94C4-43BE-85C2-E99A57C2F24D}.Release|Any CPU.Build.0 = Release|Any CPU
		{1E2E79FC-53B6-4359-83EB-6CD61E6FFCC9}.Debug|Any CPU.ActiveCfg = Debug|Any CPU
		{1E2E79FC-53B6-4359-83EB-6CD61E6FFCC9}.Debug|Any CPU.Build.0 = Debug|Any CPU
		{1E2E79FC-53B6-4359-83EB-6CD61E6FFCC9}.Release|Any CPU.ActiveCfg = Release|Any CPU
		{1E2E79FC-53B6-4359-83EB-6CD61E6FFCC9}.Release|Any CPU.Build.0 = Release|Any CPU
		{2CC3E26B-0358-4ECA-98EC-36816D62851B}.Debug|Any CPU.ActiveCfg = Debug|Any CPU
		{2CC3E26B-0358-4ECA-98EC-36816D62851B}.Debug|Any CPU.Build.0 = Debug|Any CPU
		{2CC3E26B-0358-4ECA-98EC-36816D62851B}.Release|Any CPU.ActiveCfg = Release|Any CPU
		{2CC3E26B-0358-4ECA-98EC-36816D62851B}.Release|Any CPU.Build.0 = Release|Any CPU
		{BACFDA23-1730-4E2B-ACDF-CC7AE2094E68}.Debug|Any CPU.ActiveCfg = Debug|Any CPU
		{BACFDA23-1730-4E2B-ACDF-CC7AE2094E68}.Debug|Any CPU.Build.0 = Debug|Any CPU
		{BACFDA23-1730-4E2B-ACDF-CC7AE2094E68}.Release|Any CPU.ActiveCfg = Release|Any CPU
		{BACFDA23-1730-4E2B-ACDF-CC7AE2094E68}.Release|Any CPU.Build.0 = Release|Any CPU
	EndGlobalSection
	GlobalSection(SolutionProperties) = preSolution
		HideSolutionNode = FALSE
	EndGlobalSection
	GlobalSection(ExtensibilityGlobals) = postSolution
		SolutionGuid = {9C944F12-D5EA-4022-A976-CE2EA0924C59}
	EndGlobalSection
EndGlobal
